
Microsoft Visual Studio Solution File, Format Version 12.00
# Visual Studio 15
VisualStudioVersion = 15.0.28307.168
MinimumVisualStudioVersion = 10.0.40219.1
Project("{FAE04EC0-301F-11D3-BF4B-00C04F79EFBC}") = "wiki", "wiki\wiki.csproj", "{69371399-6F24-4835-A1F3-503DF668A2D4}"
EndProject
Global
	GlobalSection(SolutionConfigurationPlatforms) = preSolution
		Debug|Any CPU = Debug|Any CPU
		Release|Any CPU = Release|Any CPU
	EndGlobalSection
	GlobalSection(ProjectConfigurationPlatforms) = postSolution
		{69371399-6F24-4835-A1F3-503DF668A2D4}.Debug|Any CPU.ActiveCfg = Debug|Any CPU
		{69371399-6F24-4835-A1F3-503DF668A2D4}.Debug|Any CPU.Build.0 = Debug|Any CPU
		{69371399-6F24-4835-A1F3-503DF668A2D4}.Release|Any CPU.ActiveCfg = Release|Any CPU
		{69371399-6F24-4835-A1F3-503DF668A2D4}.Release|Any CPU.Build.0 = Release|Any CPU
	EndGlobalSection
	GlobalSection(SolutionProperties) = preSolution
		HideSolutionNode = FALSE
	EndGlobalSection
	GlobalSection(ExtensibilityGlobals) = postSolution
		SolutionGuid = {A71743A2-C643-4D23-B172-A02B6C1B9572}
	EndGlobalSection
EndGlobal
